// !$*UTF8*$!
{
	archiveVersion = 1;
	classes = {
	};
	objectVersion = 77;
	objects = {

/* Begin PBXBuildFile section */
		014746B9A31DD034D85462EB /* RSSParserTests.swift in Sources */ = {isa = PBXBuildFile; fileRef = 428D0A19FF7F9B0ED6DB9DDE /* RSSParserTests.swift */; };
		0418E99F4EB6022FC7EE6E48 /* MarkdownText.swift in Sources */ = {isa = PBXBuildFile; fileRef = ED2ADDF188F2CA07EA6408B6 /* MarkdownText.swift */; };
		13FE5826C3F4BA7D893F8D5B /* MynaAgent.swift in Sources */ = {isa = PBXBuildFile; fileRef = 16869209FB43C1760A583CBE /* MynaAgent.swift */; };
		1C88CD736A06C704F61DB7AA /* AgentService.swift in Sources */ = {isa = PBXBuildFile; fileRef = F207612208691F0E7A172888 /* AgentService.swift */; };
		1D5219FB2E95FBBA4AAA93B4 /* MentionParserTests.swift in Sources */ = {isa = PBXBuildFile; fileRef = B6BFDC22E1A0C02E00325472 /* MentionParserTests.swift */; };
		1EE00DE10F24D69556177BBE /* DemoSeeder.swift in Sources */ = {isa = PBXBuildFile; fileRef = 693FF5848B646C95C630FB0C /* DemoSeeder.swift */; };
		1FE336D605B751DC15466002 /* DevAgents.swift in Sources */ = {isa = PBXBuildFile; fileRef = AF53430E06F114EBDDC73219 /* DevAgents.swift */; };
		2B6C92B4FD8B1B02E8284960 /* NavigationModelTests.swift in Sources */ = {isa = PBXBuildFile; fileRef = 215B3AAF96ED0649FEDCFAF0 /* NavigationModelTests.swift */; };
		2D9EA7DE2462756FE3094E6F /* ChannelView.swift in Sources */ = {isa = PBXBuildFile; fileRef = BEF72473A66E2A56E051E705 /* ChannelView.swift */; };
		30866C1F500D3DA66AC5BB5B /* NoteStore.swift in Sources */ = {isa = PBXBuildFile; fileRef = AE1684FAA86C191A478E9516 /* NoteStore.swift */; };
		6F032367D6BDAB5952011432 /* MynaTests.swift in Sources */ = {isa = PBXBuildFile; fileRef = 8A07070BF90300D232EA2F44 /* MynaTests.swift */; };
		72ED6133DC5677CA3D2523C7 /* RSSFeedSettingsView.swift in Sources */ = {isa = PBXBuildFile; fileRef = CB8337ACB1D0BCF660C0A511 /* RSSFeedSettingsView.swift */; };
		733D6E5CDC0E84CB1ECB353E /* ThreadView.swift in Sources */ = {isa = PBXBuildFile; fileRef = 4EAF3E732AFEABA3C6961B42 /* ThreadView.swift */; };
		767E8A6C86260A013DFC4B8B /* ChannelListView.swift in Sources */ = {isa = PBXBuildFile; fileRef = 231BCA5DC116CE284D039DA3 /* ChannelListView.swift */; };
		906F790804E1E02421EF46A1 /* RootView.swift in Sources */ = {isa = PBXBuildFile; fileRef = 85D293AB77379EAE6AAD67E8 /* RootView.swift */; };
		A8274907E8E66620D3AA4D52 /* RSSModels.swift in Sources */ = {isa = PBXBuildFile; fileRef = 66BFE43ED2C7F614048824B1 /* RSSModels.swift */; };
		B200B0ABFF0913217407061C /* MentionParser.swift in Sources */ = {isa = PBXBuildFile; fileRef = 53948D76B8EDC266978ED9B7 /* MentionParser.swift */; };
		B7A6F65EA02F9F83E466C3E6 /* ReminderParserTests.swift in Sources */ = {isa = PBXBuildFile; fileRef = 85FF0D7B4A513A5AC429C796 /* ReminderParserTests.swift */; };
		BCF73CD387C807896AFA22FF /* ReminderService.swift in Sources */ = {isa = PBXBuildFile; fileRef = 96EB0B5C54AF6D8618C9A44D /* ReminderService.swift */; };
		BE2D9EC50A5E5FC31B31C67D /* MessageRowView.swift in Sources */ = {isa = PBXBuildFile; fileRef = BB2C79C9A7DADB3253B2F359 /* MessageRowView.swift */; };
		C4A9B6F93E5CEB96862AC2A1 /* MynaApp.swift in Sources */ = {isa = PBXBuildFile; fileRef = 8ACE3072CA3C8D433A6E6B8B /* MynaApp.swift */; };
		C964341A39C92B9C627456B4 /* AgentRegistry.swift in Sources */ = {isa = PBXBuildFile; fileRef = 81383649E5389ED88F59243B /* AgentRegistry.swift */; };
		D1FDEA1605FF935B6E8FF96B /* NavigationModel.swift in Sources */ = {isa = PBXBuildFile; fileRef = F01DEC99C2C79444E839C99A /* NavigationModel.swift */; };
		D997ADAE4EC458AC83B584A0 /* RSSService.swift in Sources */ = {isa = PBXBuildFile; fileRef = E599D64BF8086F7D541EC8DC /* RSSService.swift */; };
		EF4A0A4D36B6F04B07F7F15A /* Sheets.swift in Sources */ = {isa = PBXBuildFile; fileRef = 334B522482408AF8B3BC06BA /* Sheets.swift */; };
		F4D46346DC7F61A7D1579DB3 /* ComposerView.swift in Sources */ = {isa = PBXBuildFile; fileRef = 1E26355BD7753467AA3EEEEB /* ComposerView.swift */; };
		F6891A98017B492A84968C03 /* Models.swift in Sources */ = {isa = PBXBuildFile; fileRef = E66EB0D33EF6801253E476EC /* Models.swift */; };
		FB886244E08C7B0AFDBEF239 /* AvatarView.swift in Sources */ = {isa = PBXBuildFile; fileRef = 241824E1CED7CB5CA733AB77 /* AvatarView.swift */; };
/* End PBXBuildFile section */

/* Begin PBXContainerItemProxy section */
		71A1DC45B4E83253C234ABA8 /* PBXContainerItemProxy */ = {
			isa = PBXContainerItemProxy;
			containerPortal = EDD55EC353271EE6ECE2600E /* Project object */;
			proxyType = 1;
			remoteGlobalIDString = 1BBB07106A1B927B515AEF81;
			remoteInfo = Myna;
		};
/* End PBXContainerItemProxy section */

/* Begin PBXFileReference section */
		16869209FB43C1760A583CBE /* MynaAgent.swift */ = {isa = PBXFileReference; lastKnownFileType = sourcecode.swift; path = MynaAgent.swift; sourceTree = "<group>"; };
		1E26355BD7753467AA3EEEEB /* ComposerView.swift */ = {isa = PBXFileReference; lastKnownFileType = sourcecode.swift; path = ComposerView.swift; sourceTree = "<group>"; };
		215B3AAF96ED0649FEDCFAF0 /* NavigationModelTests.swift */ = {isa = PBXFileReference; lastKnownFileType = sourcecode.swift; path = NavigationModelTests.swift; sourceTree = "<group>"; };
		231BCA5DC116CE284D039DA3 /* ChannelListView.swift */ = {isa = PBXFileReference; lastKnownFileType = sourcecode.swift; path = ChannelListView.swift; sourceTree = "<group>"; };
		241824E1CED7CB5CA733AB77 /* AvatarView.swift */ = {isa = PBXFileReference; lastKnownFileType = sourcecode.swift; path = AvatarView.swift; sourceTree = "<group>"; };
		334B522482408AF8B3BC06BA /* Sheets.swift */ = {isa = PBXFileReference; lastKnownFileType = sourcecode.swift; path = Sheets.swift; sourceTree = "<group>"; };
		428D0A19FF7F9B0ED6DB9DDE /* RSSParserTests.swift */ = {isa = PBXFileReference; lastKnownFileType = sourcecode.swift; path = RSSParserTests.swift; sourceTree = "<group>"; };
		4EAF3E732AFEABA3C6961B42 /* ThreadView.swift */ = {isa = PBXFileReference; lastKnownFileType = sourcecode.swift; path = ThreadView.swift; sourceTree = "<group>"; };
		53948D76B8EDC266978ED9B7 /* MentionParser.swift */ = {isa = PBXFileReference; lastKnownFileType = sourcecode.swift; path = MentionParser.swift; sourceTree = "<group>"; };
		66BFE43ED2C7F614048824B1 /* RSSModels.swift */ = {isa = PBXFileReference; lastKnownFileType = sourcecode.swift; path = RSSModels.swift; sourceTree = "<group>"; };
		693FF5848B646C95C630FB0C /* DemoSeeder.swift */ = {isa = PBXFileReference; lastKnownFileType = sourcecode.swift; path = DemoSeeder.swift; sourceTree = "<group>"; };
		6C74A288C26563A358DBE73D /* MynaTests.xctest */ = {isa = PBXFileReference; includeInIndex = 0; lastKnownFileType = wrapper.cfbundle; path = MynaTests.xctest; sourceTree = BUILT_PRODUCTS_DIR; };
		710805EC0E34FBE48A13BF8E /* Myna.app */ = {isa = PBXFileReference; includeInIndex = 0; lastKnownFileType = wrapper.application; path = Myna.app; sourceTree = BUILT_PRODUCTS_DIR; };
		807EC5B16505E3AF41B691E0 /* Info.plist */ = {isa = PBXFileReference; lastKnownFileType = text.plist; path = Info.plist; sourceTree = "<group>"; };
		81383649E5389ED88F59243B /* AgentRegistry.swift */ = {isa = PBXFileReference; lastKnownFileType = sourcecode.swift; path = AgentRegistry.swift; sourceTree = "<group>"; };
		85D293AB77379EAE6AAD67E8 /* RootView.swift */ = {isa = PBXFileReference; lastKnownFileType = sourcecode.swift; path = RootView.swift; sourceTree = "<group>"; };
		85FF0D7B4A513A5AC429C796 /* ReminderParserTests.swift */ = {isa = PBXFileReference; lastKnownFileType = sourcecode.swift; path = ReminderParserTests.swift; sourceTree = "<group>"; };
		8A07070BF90300D232EA2F44 /* MynaTests.swift */ = {isa = PBXFileReference; lastKnownFileType = sourcecode.swift; path = MynaTests.swift; sourceTree = "<group>"; };
		8ACE3072CA3C8D433A6E6B8B /* MynaApp.swift */ = {isa = PBXFileReference; lastKnownFileType = sourcecode.swift; path = MynaApp.swift; sourceTree = "<group>"; };
		96EB0B5C54AF6D8618C9A44D /* ReminderService.swift */ = {isa = PBXFileReference; lastKnownFileType = sourcecode.swift; path = ReminderService.swift; sourceTree = "<group>"; };
		AE1684FAA86C191A478E9516 /* NoteStore.swift */ = {isa = PBXFileReference; lastKnownFileType = sourcecode.swift; path = NoteStore.swift; sourceTree = "<group>"; };
		AF53430E06F114EBDDC73219 /* DevAgents.swift */ = {isa = PBXFileReference; lastKnownFileType = sourcecode.swift; path = DevAgents.swift; sourceTree = "<group>"; };
		B6BFDC22E1A0C02E00325472 /* MentionParserTests.swift */ = {isa = PBXFileReference; lastKnownFileType = sourcecode.swift; path = MentionParserTests.swift; sourceTree = "<group>"; };
		BB2C79C9A7DADB3253B2F359 /* MessageRowView.swift */ = {isa = PBXFileReference; lastKnownFileType = sourcecode.swift; path = MessageRowView.swift; sourceTree = "<group>"; };
		BEF72473A66E2A56E051E705 /* ChannelView.swift */ = {isa = PBXFileReference; lastKnownFileType = sourcecode.swift; path = ChannelView.swift; sourceTree = "<group>"; };
		CB8337ACB1D0BCF660C0A511 /* RSSFeedSettingsView.swift */ = {isa = PBXFileReference; lastKnownFileType = sourcecode.swift; path = RSSFeedSettingsView.swift; sourceTree = "<group>"; };
		E599D64BF8086F7D541EC8DC /* RSSService.swift */ = {isa = PBXFileReference; lastKnownFileType = sourcecode.swift; path = RSSService.swift; sourceTree = "<group>"; };
		E66EB0D33EF6801253E476EC /* Models.swift */ = {isa = PBXFileReference; lastKnownFileType = sourcecode.swift; path = Models.swift; sourceTree = "<group>"; };
		ED2ADDF188F2CA07EA6408B6 /* MarkdownText.swift */ = {isa = PBXFileReference; lastKnownFileType = sourcecode.swift; path = MarkdownText.swift; sourceTree = "<group>"; };
		F01DEC99C2C79444E839C99A /* NavigationModel.swift */ = {isa = PBXFileReference; lastKnownFileType = sourcecode.swift; path = NavigationModel.swift; sourceTree = "<group>"; };
		F207612208691F0E7A172888 /* AgentService.swift */ = {isa = PBXFileReference; lastKnownFileType = sourcecode.swift; path = AgentService.swift; sourceTree = "<group>"; };
/* End PBXFileReference section */

/* Begin PBXGroup section */
		045083558A850B74133AFF34 /* Agents */ = {
			isa = PBXGroup;
			children = (
				81383649E5389ED88F59243B /* AgentRegistry.swift */,
				F207612208691F0E7A172888 /* AgentService.swift */,
				AF53430E06F114EBDDC73219 /* DevAgents.swift */,
				53948D76B8EDC266978ED9B7 /* MentionParser.swift */,
				16869209FB43C1760A583CBE /* MynaAgent.swift */,
			);
			path = Agents;
			sourceTree = "<group>";
		};
		188018C7A552D5CE5604C437 /* Reminders */ = {
			isa = PBXGroup;
			children = (
				96EB0B5C54AF6D8618C9A44D /* ReminderService.swift */,
			);
			path = Reminders;
			sourceTree = "<group>";
		};
		281E87C6467F4E353D27D6D5 = {
			isa = PBXGroup;
			children = (
				B058E8C306717D7BE61EA3CC /* Myna */,
				34B2D57EEF338D1C2D564DA4 /* MynaTests */,
				DE252983FE0CF6A803B3C529 /* Products */,
			);
			sourceTree = "<group>";
		};
		34B2D57EEF338D1C2D564DA4 /* MynaTests */ = {
			isa = PBXGroup;
			children = (
				B6BFDC22E1A0C02E00325472 /* MentionParserTests.swift */,
				8A07070BF90300D232EA2F44 /* MynaTests.swift */,
				215B3AAF96ED0649FEDCFAF0 /* NavigationModelTests.swift */,
				85FF0D7B4A513A5AC429C796 /* ReminderParserTests.swift */,
				428D0A19FF7F9B0ED6DB9DDE /* RSSParserTests.swift */,
			);
			path = MynaTests;
			sourceTree = "<group>";
		};
		3A339655886E9531DD9356A6 /* Models */ = {
			isa = PBXGroup;
			children = (
				E66EB0D33EF6801253E476EC /* Models.swift */,
				66BFE43ED2C7F614048824B1 /* RSSModels.swift */,
			);
			path = Models;
			sourceTree = "<group>";
		};
		567783D1AB2A11488986FEF7 /* Utilities */ = {
			isa = PBXGroup;
			children = (
				ED2ADDF188F2CA07EA6408B6 /* MarkdownText.swift */,
			);
			path = Utilities;
			sourceTree = "<group>";
		};
		56B354B4A19B68514B78BF79 /* Store */ = {
			isa = PBXGroup;
			children = (
				693FF5848B646C95C630FB0C /* DemoSeeder.swift */,
				AE1684FAA86C191A478E9516 /* NoteStore.swift */,
				E599D64BF8086F7D541EC8DC /* RSSService.swift */,
			);
			path = Store;
			sourceTree = "<group>";
		};
		56DACB9C4BE58065E3F96AFB /* Navigation */ = {
			isa = PBXGroup;
			children = (
				F01DEC99C2C79444E839C99A /* NavigationModel.swift */,
			);
			path = Navigation;
			sourceTree = "<group>";
		};
		609959B0DE4FAFD96EA04CBC /* Views */ = {
			isa = PBXGroup;
			children = (
				241824E1CED7CB5CA733AB77 /* AvatarView.swift */,
				231BCA5DC116CE284D039DA3 /* ChannelListView.swift */,
				BEF72473A66E2A56E051E705 /* ChannelView.swift */,
				1E26355BD7753467AA3EEEEB /* ComposerView.swift */,
				BB2C79C9A7DADB3253B2F359 /* MessageRowView.swift */,
				85D293AB77379EAE6AAD67E8 /* RootView.swift */,
				CB8337ACB1D0BCF660C0A511 /* RSSFeedSettingsView.swift */,
				334B522482408AF8B3BC06BA /* Sheets.swift */,
				4EAF3E732AFEABA3C6961B42 /* ThreadView.swift */,
			);
			path = Views;
			sourceTree = "<group>";
		};
		B058E8C306717D7BE61EA3CC /* Myna */ = {
			isa = PBXGroup;
			children = (
				807EC5B16505E3AF41B691E0 /* Info.plist */,
				8ACE3072CA3C8D433A6E6B8B /* MynaApp.swift */,
				045083558A850B74133AFF34 /* Agents */,
				3A339655886E9531DD9356A6 /* Models */,
				56DACB9C4BE58065E3F96AFB /* Navigation */,
				188018C7A552D5CE5604C437 /* Reminders */,
				56B354B4A19B68514B78BF79 /* Store */,
				567783D1AB2A11488986FEF7 /* Utilities */,
				609959B0DE4FAFD96EA04CBC /* Views */,
			);
			path = Myna;
			sourceTree = "<group>";
		};
		DE252983FE0CF6A803B3C529 /* Products */ = {
			isa = PBXGroup;
			children = (
				710805EC0E34FBE48A13BF8E /* Myna.app */,
				6C74A288C26563A358DBE73D /* MynaTests.xctest */,
			);
			name = Products;
			sourceTree = "<group>";
		};
/* End PBXGroup section */

/* Begin PBXNativeTarget section */
		1BBB07106A1B927B515AEF81 /* Myna */ = {
			isa = PBXNativeTarget;
			buildConfigurationList = 9617C6602F6B2021AEBB531C /* Build configuration list for PBXNativeTarget "Myna" */;
			buildPhases = (
				344D7A59E5B2AFDDD44E5557 /* Sources */,
			);
			buildRules = (
			);
			dependencies = (
			);
			name = Myna;
			packageProductDependencies = (
			);
			productName = Myna;
			productReference = 710805EC0E34FBE48A13BF8E /* Myna.app */;
			productType = "com.apple.product-type.application";
		};
		3DE746F1862C94E3A0ADF0FC /* MynaTests */ = {
			isa = PBXNativeTarget;
			buildConfigurationList = 256E920981A4A9439CB67BBA /* Build configuration list for PBXNativeTarget "MynaTests" */;
			buildPhases = (
				0F84E1E51CE5B15A9BD03B9C /* Sources */,
			);
			buildRules = (
			);
			dependencies = (
				770E0DE2C7919AC14538BB96 /* PBXTargetDependency */,
			);
			name = MynaTests;
			packageProductDependencies = (
			);
			productName = MynaTests;
			productReference = 6C74A288C26563A358DBE73D /* MynaTests.xctest */;
			productType = "com.apple.product-type.bundle.unit-test";
		};
/* End PBXNativeTarget section */

/* Begin PBXProject section */
		EDD55EC353271EE6ECE2600E /* Project object */ = {
			isa = PBXProject;
			attributes = {
				BuildIndependentTargetsInParallel = YES;
				LastUpgradeCheck = 1600;
				TargetAttributes = {
				};
			};
			buildConfigurationList = EAD9E59BE38FBE05DFF67CEF /* Build configuration list for PBXProject "Myna" */;
			developmentRegion = en;
			hasScannedForEncodings = 0;
			knownRegions = (
				Base,
				en,
			);
			mainGroup = 281E87C6467F4E353D27D6D5;
			minimizedProjectReferenceProxies = 1;
			preferredProjectObjectVersion = 77;
			productRefGroup = DE252983FE0CF6A803B3C529 /* Products */;
			projectDirPath = "";
			projectRoot = "";
			targets = (
				1BBB07106A1B927B515AEF81 /* Myna */,
				3DE746F1862C94E3A0ADF0FC /* MynaTests */,
			);
		};
/* End PBXProject section */

/* Begin PBXSourcesBuildPhase section */
		0F84E1E51CE5B15A9BD03B9C /* Sources */ = {
			isa = PBXSourcesBuildPhase;
			buildActionMask = 2147483647;
			files = (
				1D5219FB2E95FBBA4AAA93B4 /* MentionParserTests.swift in Sources */,
				6F032367D6BDAB5952011432 /* MynaTests.swift in Sources */,
				2B6C92B4FD8B1B02E8284960 /* NavigationModelTests.swift in Sources */,
				014746B9A31DD034D85462EB /* RSSParserTests.swift in Sources */,
				B7A6F65EA02F9F83E466C3E6 /* ReminderParserTests.swift in Sources */,
			);
			runOnlyForDeploymentPostprocessing = 0;
		};
		344D7A59E5B2AFDDD44E5557 /* Sources */ = {
			isa = PBXSourcesBuildPhase;
			buildActionMask = 2147483647;
			files = (
				C964341A39C92B9C627456B4 /* AgentRegistry.swift in Sources */,
				1C88CD736A06C704F61DB7AA /* AgentService.swift in Sources */,
				FB886244E08C7B0AFDBEF239 /* AvatarView.swift in Sources */,
				767E8A6C86260A013DFC4B8B /* ChannelListView.swift in Sources */,
				2D9EA7DE2462756FE3094E6F /* ChannelView.swift in Sources */,
				F4D46346DC7F61A7D1579DB3 /* ComposerView.swift in Sources */,
				1EE00DE10F24D69556177BBE /* DemoSeeder.swift in Sources */,
				1FE336D605B751DC15466002 /* DevAgents.swift in Sources */,
				0418E99F4EB6022FC7EE6E48 /* MarkdownText.swift in Sources */,
				B200B0ABFF0913217407061C /* MentionParser.swift in Sources */,
				BE2D9EC50A5E5FC31B31C67D /* MessageRowView.swift in Sources */,
				F6891A98017B492A84968C03 /* Models.swift in Sources */,
				13FE5826C3F4BA7D893F8D5B /* MynaAgent.swift in Sources */,
				C4A9B6F93E5CEB96862AC2A1 /* MynaApp.swift in Sources */,
				D1FDEA1605FF935B6E8FF96B /* NavigationModel.swift in Sources */,
				30866C1F500D3DA66AC5BB5B /* NoteStore.swift in Sources */,
				72ED6133DC5677CA3D2523C7 /* RSSFeedSettingsView.swift in Sources */,
				A8274907E8E66620D3AA4D52 /* RSSModels.swift in Sources */,
				D997ADAE4EC458AC83B584A0 /* RSSService.swift in Sources */,
				BCF73CD387C807896AFA22FF /* ReminderService.swift in Sources */,
				906F790804E1E02421EF46A1 /* RootView.swift in Sources */,
				EF4A0A4D36B6F04B07F7F15A /* Sheets.swift in Sources */,
				733D6E5CDC0E84CB1ECB353E /* ThreadView.swift in Sources */,
			);
			runOnlyForDeploymentPostprocessing = 0;
		};
/* End PBXSourcesBuildPhase section */

/* Begin PBXTargetDependency section */
		770E0DE2C7919AC14538BB96 /* PBXTargetDependency */ = {
			isa = PBXTargetDependency;
			target = 1BBB07106A1B927B515AEF81 /* Myna */;
			targetProxy = 71A1DC45B4E83253C234ABA8 /* PBXContainerItemProxy */;
		};
/* End PBXTargetDependency section */

/* Begin XCBuildConfiguration section */
		1B74F1DA2B970129119B0C01 /* Debug */ = {
			isa = XCBuildConfiguration;
			buildSettings = {
				ASSETCATALOG_COMPILER_APPICON_NAME = AppIcon;
				CODE_SIGN_IDENTITY = "iPhone Developer";
				INFOPLIST_FILE = Myna/Info.plist;
				IPHONEOS_DEPLOYMENT_TARGET = 17.0;
				LD_RUNPATH_SEARCH_PATHS = (
					"$(inherited)",
					"@executable_path/Frameworks",
				);
				MACOSX_DEPLOYMENT_TARGET = 14.0;
				MARKETING_VERSION = 0.1;
				PRODUCT_BUNDLE_IDENTIFIER = com.and1truong.myna;
				SDKROOT = iphoneos;
				SUPPORTS_MACCATALYST = YES;
				SWIFT_VERSION = 5.0;
				TARGETED_DEVICE_FAMILY = "1,2";
			};
			name = Debug;
		};
		1F5ADA60E2A49DD8A9898EF9 /* Debug */ = {
			isa = XCBuildConfiguration;
			buildSettings = {
				ALWAYS_SEARCH_USER_PATHS = NO;
				CLANG_ANALYZER_NONNULL = YES;
				CLANG_ANALYZER_NUMBER_OBJECT_CONVERSION = YES_AGGRESSIVE;
				CLANG_CXX_LANGUAGE_STANDARD = "gnu++14";
				CLANG_CXX_LIBRARY = "libc++";
				CLANG_ENABLE_MODULES = YES;
				CLANG_ENABLE_OBJC_ARC = YES;
				CLANG_ENABLE_OBJC_WEAK = YES;
				CLANG_WARN_BLOCK_CAPTURE_AUTORELEASING = YES;
				CLANG_WARN_BOOL_CONVERSION = YES;
				CLANG_WARN_COMMA = YES;
				CLANG_WARN_CONSTANT_CONVERSION = YES;
				CLANG_WARN_DEPRECATED_OBJC_IMPLEMENTATIONS = YES;
				CLANG_WARN_DIRECT_OBJC_ISA_USAGE = YES_ERROR;
				CLANG_WARN_DOCUMENTATION_COMMENTS = YES;
				CLANG_WARN_EMPTY_BODY = YES;
				CLANG_WARN_ENUM_CONVERSION = YES;
				CLANG_WARN_INFINITE_RECURSION = YES;
				CLANG_WARN_INT_CONVERSION = YES;
				CLANG_WARN_NON_LITERAL_NULL_CONVERSION = YES;
				CLANG_WARN_OBJC_IMPLICIT_RETAIN_SELF = YES;
				CLANG_WARN_OBJC_LITERAL_CONVERSION = YES;
				CLANG_WARN_OBJC_ROOT_CLASS = YES_ERROR;
				CLANG_WARN_QUOTED_INCLUDE_IN_FRAMEWORK_HEADER = YES;
				CLANG_WARN_RANGE_LOOP_ANALYSIS = YES;
				CLANG_WARN_STRICT_PROTOTYPES = YES;
				CLANG_WARN_SUSPICIOUS_MOVE = YES;
				CLANG_WARN_UNGUARDED_AVAILABILITY = YES_AGGRESSIVE;
				CLANG_WARN_UNREACHABLE_CODE = YES;
				CLANG_WARN__DUPLICATE_METHOD_MATCH = YES;
				COPY_PHASE_STRIP = NO;
				DEBUG_INFORMATION_FORMAT = dwarf;
				ENABLE_STRICT_OBJC_MSGSEND = YES;
				ENABLE_TESTABILITY = YES;
				GCC_C_LANGUAGE_STANDARD = gnu11;
				GCC_DYNAMIC_NO_PIC = NO;
				GCC_NO_COMMON_BLOCKS = YES;
				GCC_OPTIMIZATION_LEVEL = 0;
				GCC_PREPROCESSOR_DEFINITIONS = (
					"$(inherited)",
					"DEBUG=1",
				);
				GCC_WARN_64_TO_32_BIT_CONVERSION = YES;
				GCC_WARN_ABOUT_RETURN_TYPE = YES_ERROR;
				GCC_WARN_UNDECLARED_SELECTOR = YES;
				GCC_WARN_UNINITIALIZED_AUTOS = YES_AGGRESSIVE;
				GCC_WARN_UNUSED_FUNCTION = YES;
				GCC_WARN_UNUSED_VARIABLE = YES;
				MTL_ENABLE_DEBUG_INFO = INCLUDE_SOURCE;
				MTL_FAST_MATH = YES;
				ONLY_ACTIVE_ARCH = YES;
				PRODUCT_NAME = "$(TARGET_NAME)";
				SDKROOT = iphoneos;
				SWIFT_ACTIVE_COMPILATION_CONDITIONS = DEBUG;
				SWIFT_OPTIMIZATION_LEVEL = "-Onone";
				SWIFT_VERSION = 5.0;
			};
			name = Debug;
		};
		A37040FE512C587263807910 /* Debug */ = {
			isa = XCBuildConfiguration;
			buildSettings = {
				BUNDLE_LOADER = "$(TEST_HOST)";
				GENERATE_INFOPLIST_FILE = YES;
				IPHONEOS_DEPLOYMENT_TARGET = 17.0;
				LD_RUNPATH_SEARCH_PATHS = (
					"$(inherited)",
					"@executable_path/Frameworks",
					"@loader_path/Frameworks",
				);
				PRODUCT_BUNDLE_IDENTIFIER = com.and1truong.myna.tests;
				SDKROOT = iphoneos;
				SWIFT_VERSION = 5.0;
				TARGETED_DEVICE_FAMILY = "1,2";
				TEST_HOST = "$(BUILT_PRODUCTS_DIR)/Myna.app/Myna";
			};
			name = Debug;
		};
		CB35A4703805C3E1844AF114 /* Release */ = {
			isa = XCBuildConfiguration;
			buildSettings = {
				BUNDLE_LOADER = "$(TEST_HOST)";
				GENERATE_INFOPLIST_FILE = YES;
				IPHONEOS_DEPLOYMENT_TARGET = 17.0;
				LD_RUNPATH_SEARCH_PATHS = (
					"$(inherited)",
					"@executable_path/Frameworks",
					"@loader_path/Frameworks",
				);
				PRODUCT_BUNDLE_IDENTIFIER = com.and1truong.myna.tests;
				SDKROOT = iphoneos;
				SWIFT_VERSION = 5.0;
				TARGETED_DEVICE_FAMILY = "1,2";
				TEST_HOST = "$(BUILT_PRODUCTS_DIR)/Myna.app/Myna";
			};
			name = Release;
		};
		D06801C860AC04E447E8CD35 /* Release */ = {
			isa = XCBuildConfiguration;
			buildSettings = {
				ASSETCATALOG_COMPILER_APPICON_NAME = AppIcon;
				CODE_SIGN_IDENTITY = "iPhone Developer";
				INFOPLIST_FILE = Myna/Info.plist;
				IPHONEOS_DEPLOYMENT_TARGET = 17.0;
				LD_RUNPATH_SEARCH_PATHS = (
					"$(inherited)",
					"@executable_path/Frameworks",
				);
				MACOSX_DEPLOYMENT_TARGET = 14.0;
				MARKETING_VERSION = 0.1;
				PRODUCT_BUNDLE_IDENTIFIER = com.and1truong.myna;
				SDKROOT = iphoneos;
				SUPPORTS_MACCATALYST = YES;
				SWIFT_VERSION = 5.0;
				TARGETED_DEVICE_FAMILY = "1,2";
			};
			name = Release;
		};
		DFDC7C0D7FF246FF41D57B25 /* Release */ = {
			isa = XCBuildConfiguration;
			buildSettings = {
				ALWAYS_SEARCH_USER_PATHS = NO;
				CLANG_ANALYZER_NONNULL = YES;
				CLANG_ANALYZER_NUMBER_OBJECT_CONVERSION = YES_AGGRESSIVE;
				CLANG_CXX_LANGUAGE_STANDARD = "gnu++14";
				CLANG_CXX_LIBRARY = "libc++";
				CLANG_ENABLE_MODULES = YES;
				CLANG_ENABLE_OBJC_ARC = YES;
				CLANG_ENABLE_OBJC_WEAK = YES;
				CLANG_WARN_BLOCK_CAPTURE_AUTORELEASING = YES;
				CLANG_WARN_BOOL_CONVERSION = YES;
				CLANG_WARN_COMMA = YES;
				CLANG_WARN_CONSTANT_CONVERSION = YES;
				CLANG_WARN_DEPRECATED_OBJC_IMPLEMENTATIONS = YES;
				CLANG_WARN_DIRECT_OBJC_ISA_USAGE = YES_ERROR;
				CLANG_WARN_DOCUMENTATION_COMMENTS = YES;
				CLANG_WARN_EMPTY_BODY = YES;
				CLANG_WARN_ENUM_CONVERSION = YES;
				CLANG_WARN_INFINITE_RECURSION = YES;
				CLANG_WARN_INT_CONVERSION = YES;
				CLANG_WARN_NON_LITERAL_NULL_CONVERSION = YES;
				CLANG_WARN_OBJC_IMPLICIT_RETAIN_SELF = YES;
				CLANG_WARN_OBJC_LITERAL_CONVERSION = YES;
				CLANG_WARN_OBJC_ROOT_CLASS = YES_ERROR;
				CLANG_WARN_QUOTED_INCLUDE_IN_FRAMEWORK_HEADER = YES;
				CLANG_WARN_RANGE_LOOP_ANALYSIS = YES;
				CLANG_WARN_STRICT_PROTOTYPES = YES;
				CLANG_WARN_SUSPICIOUS_MOVE = YES;
				CLANG_WARN_UNGUARDED_AVAILABILITY = YES_AGGRESSIVE;
				CLANG_WARN_UNREACHABLE_CODE = YES;
				CLANG_WARN__DUPLICATE_METHOD_MATCH = YES;
				COPY_PHASE_STRIP = NO;
				DEBUG_INFORMATION_FORMAT = "dwarf-with-dsym";
				ENABLE_NS_ASSERTIONS = NO;
				ENABLE_STRICT_OBJC_MSGSEND = YES;
				GCC_C_LANGUAGE_STANDARD = gnu11;
				GCC_NO_COMMON_BLOCKS = YES;
				GCC_WARN_64_TO_32_BIT_CONVERSION = YES;
				GCC_WARN_ABOUT_RETURN_TYPE = YES_ERROR;
				GCC_WARN_UNDECLARED_SELECTOR = YES;
				GCC_WARN_UNINITIALIZED_AUTOS = YES_AGGRESSIVE;
				GCC_WARN_UNUSED_FUNCTION = YES;
				GCC_WARN_UNUSED_VARIABLE = YES;
				MTL_ENABLE_DEBUG_INFO = NO;
				MTL_FAST_MATH = YES;
				PRODUCT_NAME = "$(TARGET_NAME)";
				SDKROOT = iphoneos;
				SWIFT_COMPILATION_MODE = wholemodule;
				SWIFT_OPTIMIZATION_LEVEL = "-O";
				SWIFT_VERSION = 5.0;
			};
			name = Release;
		};
/* End XCBuildConfiguration section */

/* Begin XCConfigurationList section */
		256E920981A4A9439CB67BBA /* Build configuration list for PBXNativeTarget "MynaTests" */ = {
			isa = XCConfigurationList;
			buildConfigurations = (
				A37040FE512C587263807910 /* Debug */,
				CB35A4703805C3E1844AF114 /* Release */,
			);
			defaultConfigurationIsVisible = 0;
			defaultConfigurationName = Debug;
		};
		9617C6602F6B2021AEBB531C /* Build configuration list for PBXNativeTarget "Myna" */ = {
			isa = XCConfigurationList;
			buildConfigurations = (
				1B74F1DA2B970129119B0C01 /* Debug */,
				D06801C860AC04E447E8CD35 /* Release */,
			);
			defaultConfigurationIsVisible = 0;
			defaultConfigurationName = Debug;
		};
		EAD9E59BE38FBE05DFF67CEF /* Build configuration list for PBXProject "Myna" */ = {
			isa = XCConfigurationList;
			buildConfigurations = (
				1F5ADA60E2A49DD8A9898EF9 /* Debug */,
				DFDC7C0D7FF246FF41D57B25 /* Release */,
			);
			defaultConfigurationIsVisible = 0;
			defaultConfigurationName = Debug;
		};
/* End XCConfigurationList section */
	};
	rootObject = EDD55EC353271EE6ECE2600E /* Project object */;
}
